
Microsoft Visual Studio Solution File, Format Version 12.00
# Visual Studio 14
VisualStudioVersion = 14.0.25420.1
MinimumVisualStudioVersion = 10.0.40219.1
Project("{FAE04EC0-301F-11D3-BF4B-00C04F79EFBC}") = "QuanLyBanSatThep", "QuanLyBanSatThep\QuanLyBanSatThep.csproj", "{F8B37A5F-F7DF-43D4-93AE-DE6C54402124}"
EndProject
Project("{840C416C-B8F3-42BC-B0DD-F6BB14C9F8CB}") = "VatTuShopManagement", "VatTuShopManagement\VatTuShopManagement.aiproj", "{A9E38AD1-B5D6-4526-88C7-22681B2C4F4B}"
EndProject
Global
	GlobalSection(SolutionConfigurationPlatforms) = preSolution
		All|Any CPU = All|Any CPU
		Debug|Any CPU = Debug|Any CPU
		Release|Any CPU = Release|Any CPU
	EndGlobalSection
	GlobalSection(ProjectConfigurationPlatforms) = postSolution
		{F8B37A5F-F7DF-43D4-93AE-DE6C54402124}.All|Any CPU.ActiveCfg = Release|Any CPU
		{F8B37A5F-F7DF-43D4-93AE-DE6C54402124}.All|Any CPU.Build.0 = Release|Any CPU
		{F8B37A5F-F7DF-43D4-93AE-DE6C54402124}.Debug|Any CPU.ActiveCfg = Debug|Any CPU
		{F8B37A5F-F7DF-43D4-93AE-DE6C54402124}.Debug|Any CPU.Build.0 = Debug|Any CPU
		{F8B37A5F-F7DF-43D4-93AE-DE6C54402124}.Release|Any CPU.ActiveCfg = Release|Any CPU
		{F8B37A5F-F7DF-43D4-93AE-DE6C54402124}.Release|Any CPU.Build.0 = Release|Any CPU
		{A9E38AD1-B5D6-4526-88C7-22681B2C4F4B}.All|Any CPU.ActiveCfg = DefaultBuild
		{A9E38AD1-B5D6-4526-88C7-22681B2C4F4B}.All|Any CPU.Build.0 = DefaultBuild
		{A9E38AD1-B5D6-4526-88C7-22681B2C4F4B}.Debug|Any CPU.ActiveCfg = DefaultBuild
		{A9E38AD1-B5D6-4526-88C7-22681B2C4F4B}.Debug|Any CPU.Build.0 = DefaultBuild
		{A9E38AD1-B5D6-4526-88C7-22681B2C4F4B}.Release|Any CPU.ActiveCfg = DefaultBuild
		{A9E38AD1-B5D6-4526-88C7-22681B2C4F4B}.Release|Any CPU.Build.0 = DefaultBuild
	EndGlobalSection
	GlobalSection(SolutionProperties) = preSolution
		HideSolutionNode = FALSE
	EndGlobalSection
EndGlobal
